// !$*UTF8*$!
{
	archiveVersion = 1;
	classes = {
	};
	objectVersion = 56;
	objects = {

/* Begin PBXBuildFile section */
		C8753E0C9F1A2FF8EDB0FF23 /* Capture.swift in MViewCoreDylib */ = {isa = PBXBuildFile; fileRef = 0EEB566E0BCDC6A7067DF4BD /* Capture.swift */; };
		5C86C425255EC91EB9D7002E /* ConfigStore.swift in MViewCoreDylib */ = {isa = PBXBuildFile; fileRef = DE1672BC58629EB9C49013C0 /* ConfigStore.swift */; };
		19E73CF7DE2E52BE6238667C /* VirtualDisplay.swift in MViewCoreDylib */ = {isa = PBXBuildFile; fileRef = 28A8EB7B7AA353DF636743BA /* VirtualDisplay.swift */; };
		DBC90D78ED41ACB774EDF937 /* bench.c in MViewCoreDylib */ = {isa = PBXBuildFile; fileRef = 458C2E28700DA1184E0BDAC2 /* bench.c */; };
		A7B92828B6883E5CA8099F9D /* capture_frame.c in MViewCoreDylib */ = {isa = PBXBuildFile; fileRef = ED0EEB4EBCACE0D053E738AD /* capture_frame.c */; };
		33AA31696B944553D96EFF56 /* config.c in MViewCoreDylib */ = {isa = PBXBuildFile; fileRef = D84D26C78DEF97C8F1123C16 /* config.c */; };
		53E1588DA936C2D6BB907D33 /* crypto.c in MViewCoreDylib */ = {isa = PBXBuildFile; fileRef = 3B32423357F906EBA67305CD /* crypto.c */; };
		1C9A12C7301E9F290CE57B87 /* ddc_native.c in MViewCoreDylib */ = {isa = PBXBuildFile; fileRef = 6E923A000FA6991C4973A5DF /* ddc_native.c */; };
		714907C7FB6A049D206986C2 /* display.c in MViewCoreDylib */ = {isa = PBXBuildFile; fileRef = BBCD0F1FE7BBD144E1376A42 /* display.c */; };
		827DE2F8904142A725CD8FB6 /* dl3.c in MViewCoreDylib */ = {isa = PBXBuildFile; fileRef = A0E0F016740BCCB3D349E1E8 /* dl3.c */; };
		1A487C54177242B144E4494C /* driver.c in MViewCoreDylib */ = {isa = PBXBuildFile; fileRef = F57E32910C395FEEBF5C17D9 /* driver.c */; };
		CB482D3D4AD52C0E1DE77651 /* encode.c in MViewCoreDylib */ = {isa = PBXBuildFile; fileRef = DE4B0A2652A590797A2DA7F8 /* encode.c */; };
		D3175B39F84F2ADC237EAD92 /* log.c in MViewCoreDylib */ = {isa = PBXBuildFile; fileRef = 96E4E0F8AC502FFB55F7CEAD /* log.c */; };
		81B75406AB212B8721115F07 /* profile.c in MViewCoreDylib */ = {isa = PBXBuildFile; fileRef = 029C381021032EA9E5AD0D79 /* profile.c */; };
		274A8B0B4637485CC12258B2 /* usb_probe.c in MViewCoreDylib */ = {isa = PBXBuildFile; fileRef = 3B6B6273958EF4109954EB42 /* usb_probe.c */; };
		9ABA1A468B3B453790BEE241 /* usb_session.c in MViewCoreDylib */ = {isa = PBXBuildFile; fileRef = 9C753C6EA135B5B29A5D07CA /* usb_session.c */; };
		33789D3145C234D60202CF3B /* wht.c in MViewCoreDylib */ = {isa = PBXBuildFile; fileRef = 2E77A962705E2AD2553840D9 /* wht.c */; };
		5AE8901AA6AA3A6BBF12DC27 /* Foundation in MViewCoreDylib */ = {isa = PBXBuildFile; fileRef = D6B62CF1F3C9BD64275EFF04 /* Foundation.framework */; };
		6037D0821D86997B8085D948 /* CoreFoundation in MViewCoreDylib */ = {isa = PBXBuildFile; fileRef = 6B3DDE583D98730BFF9EDE70 /* CoreFoundation.framework */; };
		4C60D032013CBFFBFBF8C478 /* CoreGraphics in MViewCoreDylib */ = {isa = PBXBuildFile; fileRef = 7DD7D61E1F7D6083A93B2601 /* CoreGraphics.framework */; };
		D8188335D9AFA7AEE985E3CC /* CoreMedia in MViewCoreDylib */ = {isa = PBXBuildFile; fileRef = 6A1053725482E6333E9867BF /* CoreMedia.framework */; };
		742CC5281A61E04CB93DE7CF /* CoreVideo in MViewCoreDylib */ = {isa = PBXBuildFile; fileRef = A3F3E1021F96963433BFA361 /* CoreVideo.framework */; };
		91CC3A52D63D5D5F2F9096B6 /* IOKit in MViewCoreDylib */ = {isa = PBXBuildFile; fileRef = 68DCEA15427C44547CD3DD3F /* IOKit.framework */; };
		A75F29F68BA2BF022563CE1B /* IOUSBHost in MViewCoreDylib */ = {isa = PBXBuildFile; fileRef = 133E45B6B4E8778A6A1357F7 /* IOUSBHost.framework */; };
		FC47A3082A4211EE52B3DD4C /* Security in MViewCoreDylib */ = {isa = PBXBuildFile; fileRef = 1611D29C69F038A379A6256B /* Security.framework */; };
		326D93B6F02A12602318CEB5 /* ScreenCaptureKit in MViewCoreDylib */ = {isa = PBXBuildFile; fileRef = 508FCEC1FFB54BE8DE65E6C0 /* ScreenCaptureKit.framework */; };
		CC1E4EB602596D7C7704EFEA /* ImageIO in MViewCoreDylib */ = {isa = PBXBuildFile; fileRef = A97F0B1BA1D23D3882C9D6D0 /* ImageIO.framework */; };
		9F5467E3AE5713676C409D46 /* UniformTypeIdentifiers in MViewCoreDylib */ = {isa = PBXBuildFile; fileRef = C0CDFB53944F250CE0F1A8F2 /* UniformTypeIdentifiers.framework */; };
		570D25AA81F84728900ADC7D /* main.c in mview */ = {isa = PBXBuildFile; fileRef = C593A3109A47D53AB431DAFD /* main.c */; };
		2111A7C8A898913346121725 /* supervisor.c in mview */ = {isa = PBXBuildFile; fileRef = B360A9AEDDC0C8C5BDF0CEB2 /* supervisor.c */; };
		0EFA41F6CE8547369F4FF4DB /* Capture.swift in mview */ = {isa = PBXBuildFile; fileRef = 0EEB566E0BCDC6A7067DF4BD /* Capture.swift */; };
		CCFFC0C9D4C73005DC0A605D /* ConfigStore.swift in mview */ = {isa = PBXBuildFile; fileRef = DE1672BC58629EB9C49013C0 /* ConfigStore.swift */; };
		668BFBA12B6E078461D8B191 /* VirtualDisplay.swift in mview */ = {isa = PBXBuildFile; fileRef = 28A8EB7B7AA353DF636743BA /* VirtualDisplay.swift */; };
		E133B8E74998F1AD58F333A4 /* bench.c in mview */ = {isa = PBXBuildFile; fileRef = 458C2E28700DA1184E0BDAC2 /* bench.c */; };
		2BB73C2CBD84732FB649CB28 /* capture_frame.c in mview */ = {isa = PBXBuildFile; fileRef = ED0EEB4EBCACE0D053E738AD /* capture_frame.c */; };
		1C7D3997C2EE165E7892BFCD /* config.c in mview */ = {isa = PBXBuildFile; fileRef = D84D26C78DEF97C8F1123C16 /* config.c */; };
		455472EDAF6D4385666FF7D6 /* crypto.c in mview */ = {isa = PBXBuildFile; fileRef = 3B32423357F906EBA67305CD /* crypto.c */; };
		A8CDAF0EBAE58FC3F4638E8D /* ddc_native.c in mview */ = {isa = PBXBuildFile; fileRef = 6E923A000FA6991C4973A5DF /* ddc_native.c */; };
		D737AB3825FC40DF529076B6 /* display.c in mview */ = {isa = PBXBuildFile; fileRef = BBCD0F1FE7BBD144E1376A42 /* display.c */; };
		709A153A58526DA0FB0B65D5 /* dl3.c in mview */ = {isa = PBXBuildFile; fileRef = A0E0F016740BCCB3D349E1E8 /* dl3.c */; };
		0E6202747197388CE8D775DF /* driver.c in mview */ = {isa = PBXBuildFile; fileRef = F57E32910C395FEEBF5C17D9 /* driver.c */; };
		87629B656275888DD1C1CFF8 /* encode.c in mview */ = {isa = PBXBuildFile; fileRef = DE4B0A2652A590797A2DA7F8 /* encode.c */; };
		E53630A06C29FF0EB6A8536B /* log.c in mview */ = {isa = PBXBuildFile; fileRef = 96E4E0F8AC502FFB55F7CEAD /* log.c */; };
		C2D6C121425F91FC76383A5B /* profile.c in mview */ = {isa = PBXBuildFile; fileRef = 029C381021032EA9E5AD0D79 /* profile.c */; };
		25ADD496611C3F6FB3EAF884 /* usb_probe.c in mview */ = {isa = PBXBuildFile; fileRef = 3B6B6273958EF4109954EB42 /* usb_probe.c */; };
		1DFD34A6C4641375393EADFB /* usb_session.c in mview */ = {isa = PBXBuildFile; fileRef = 9C753C6EA135B5B29A5D07CA /* usb_session.c */; };
		4F67B039C0365685A9BA2889 /* wht.c in mview */ = {isa = PBXBuildFile; fileRef = 2E77A962705E2AD2553840D9 /* wht.c */; };
		D33766997B6FA01C3BD8EDA5 /* Foundation in mview */ = {isa = PBXBuildFile; fileRef = D6B62CF1F3C9BD64275EFF04 /* Foundation.framework */; };
		6F5D171FB389B46F1795F123 /* CoreFoundation in mview */ = {isa = PBXBuildFile; fileRef = 6B3DDE583D98730BFF9EDE70 /* CoreFoundation.framework */; };
		535B06DCBFA96F0D1BDF1271 /* CoreGraphics in mview */ = {isa = PBXBuildFile; fileRef = 7DD7D61E1F7D6083A93B2601 /* CoreGraphics.framework */; };
		A792861F3F10241A3DC97755 /* CoreMedia in mview */ = {isa = PBXBuildFile; fileRef = 6A1053725482E6333E9867BF /* CoreMedia.framework */; };
		45582B4072666FC3EC9ACBFB /* CoreVideo in mview */ = {isa = PBXBuildFile; fileRef = A3F3E1021F96963433BFA361 /* CoreVideo.framework */; };
		817C79AB29E03C44EAE67751 /* IOKit in mview */ = {isa = PBXBuildFile; fileRef = 68DCEA15427C44547CD3DD3F /* IOKit.framework */; };
		2CAE83E83649E61F1D548730 /* IOUSBHost in mview */ = {isa = PBXBuildFile; fileRef = 133E45B6B4E8778A6A1357F7 /* IOUSBHost.framework */; };
		D51010A63C786ABD8766C891 /* Security in mview */ = {isa = PBXBuildFile; fileRef = 1611D29C69F038A379A6256B /* Security.framework */; };
		0E0F0C12A1751C67CB1E4C4B /* ScreenCaptureKit in mview */ = {isa = PBXBuildFile; fileRef = 508FCEC1FFB54BE8DE65E6C0 /* ScreenCaptureKit.framework */; };
		B0C5A2180952EC18ADD92C71 /* ImageIO in mview */ = {isa = PBXBuildFile; fileRef = A97F0B1BA1D23D3882C9D6D0 /* ImageIO.framework */; };
		221B3ABFA9F186F8E879055F /* UniformTypeIdentifiers in mview */ = {isa = PBXBuildFile; fileRef = C0CDFB53944F250CE0F1A8F2 /* UniformTypeIdentifiers.framework */; };
/* End PBXBuildFile section */

/* Begin PBXFileReference section */
		BCF309CF9D53FB8D20814AA3 /* libMViewCore.dylib */ = {isa = PBXFileReference; explicitFileType = compiled.mach-o.dylib; includeInIndex = 0; path = libMViewCore.dylib; sourceTree = BUILT_PRODUCTS_DIR; };
		3C4452570B480484808BAD46 /* mview */ = {isa = PBXFileReference; explicitFileType = "compiled.mach-o.executable"; includeInIndex = 0; path = mview; sourceTree = BUILT_PRODUCTS_DIR; };
		0EEB566E0BCDC6A7067DF4BD /* Capture.swift */ = {isa = PBXFileReference; lastKnownFileType = sourcecode.swift; name = Capture.swift; path = Sources/MViewPlatform/Capture.swift; sourceTree = SOURCE_ROOT; };
		DE1672BC58629EB9C49013C0 /* ConfigStore.swift */ = {isa = PBXFileReference; lastKnownFileType = sourcecode.swift; name = ConfigStore.swift; path = Sources/MViewPlatform/ConfigStore.swift; sourceTree = SOURCE_ROOT; };
		28A8EB7B7AA353DF636743BA /* VirtualDisplay.swift */ = {isa = PBXFileReference; lastKnownFileType = sourcecode.swift; name = VirtualDisplay.swift; path = Sources/MViewPlatform/VirtualDisplay.swift; sourceTree = SOURCE_ROOT; };
		458C2E28700DA1184E0BDAC2 /* bench.c */ = {isa = PBXFileReference; lastKnownFileType = sourcecode.c.c; name = bench.c; path = Sources/MViewCore/bench.c; sourceTree = SOURCE_ROOT; };
		ED0EEB4EBCACE0D053E738AD /* capture_frame.c */ = {isa = PBXFileReference; lastKnownFileType = sourcecode.c.c; name = capture_frame.c; path = Sources/MViewCore/capture_frame.c; sourceTree = SOURCE_ROOT; };
		D84D26C78DEF97C8F1123C16 /* config.c */ = {isa = PBXFileReference; lastKnownFileType = sourcecode.c.c; name = config.c; path = Sources/MViewCore/config.c; sourceTree = SOURCE_ROOT; };
		3B32423357F906EBA67305CD /* crypto.c */ = {isa = PBXFileReference; lastKnownFileType = sourcecode.c.c; name = crypto.c; path = Sources/MViewCore/crypto.c; sourceTree = SOURCE_ROOT; };
		6E923A000FA6991C4973A5DF /* ddc_native.c */ = {isa = PBXFileReference; lastKnownFileType = sourcecode.c.c; name = ddc_native.c; path = Sources/MViewCore/ddc_native.c; sourceTree = SOURCE_ROOT; };
		BBCD0F1FE7BBD144E1376A42 /* display.c */ = {isa = PBXFileReference; lastKnownFileType = sourcecode.c.c; name = display.c; path = Sources/MViewCore/display.c; sourceTree = SOURCE_ROOT; };
		A0E0F016740BCCB3D349E1E8 /* dl3.c */ = {isa = PBXFileReference; lastKnownFileType = sourcecode.c.c; name = dl3.c; path = Sources/MViewCore/dl3.c; sourceTree = SOURCE_ROOT; };
		F57E32910C395FEEBF5C17D9 /* driver.c */ = {isa = PBXFileReference; lastKnownFileType = sourcecode.c.c; name = driver.c; path = Sources/MViewCore/driver.c; sourceTree = SOURCE_ROOT; };
		DE4B0A2652A590797A2DA7F8 /* encode.c */ = {isa = PBXFileReference; lastKnownFileType = sourcecode.c.c; name = encode.c; path = Sources/MViewCore/encode.c; sourceTree = SOURCE_ROOT; };
		96E4E0F8AC502FFB55F7CEAD /* log.c */ = {isa = PBXFileReference; lastKnownFileType = sourcecode.c.c; name = log.c; path = Sources/MViewCore/log.c; sourceTree = SOURCE_ROOT; };
		029C381021032EA9E5AD0D79 /* profile.c */ = {isa = PBXFileReference; lastKnownFileType = sourcecode.c.c; name = profile.c; path = Sources/MViewCore/profile.c; sourceTree = SOURCE_ROOT; };
		3B6B6273958EF4109954EB42 /* usb_probe.c */ = {isa = PBXFileReference; lastKnownFileType = sourcecode.c.c; name = usb_probe.c; path = Sources/MViewCore/usb_probe.c; sourceTree = SOURCE_ROOT; };
		9C753C6EA135B5B29A5D07CA /* usb_session.c */ = {isa = PBXFileReference; lastKnownFileType = sourcecode.c.c; name = usb_session.c; path = Sources/MViewCore/usb_session.c; sourceTree = SOURCE_ROOT; };
		2E77A962705E2AD2553840D9 /* wht.c */ = {isa = PBXFileReference; lastKnownFileType = sourcecode.c.c; name = wht.c; path = Sources/MViewCore/wht.c; sourceTree = SOURCE_ROOT; };
		C593A3109A47D53AB431DAFD /* main.c */ = {isa = PBXFileReference; lastKnownFileType = sourcecode.c.c; name = main.c; path = Sources/mview/main.c; sourceTree = SOURCE_ROOT; };
		B360A9AEDDC0C8C5BDF0CEB2 /* supervisor.c */ = {isa = PBXFileReference; lastKnownFileType = sourcecode.c.c; name = supervisor.c; path = Sources/mview/supervisor.c; sourceTree = SOURCE_ROOT; };
		E071DBEB505E0AF122CC3268 /* mview.h */ = {isa = PBXFileReference; lastKnownFileType = sourcecode.c.h; name = mview.h; path = Sources/MViewCore/include/mview.h; sourceTree = SOURCE_ROOT; };
		C0C4080B8EC281039FC56D91 /* mview_build.h */ = {isa = PBXFileReference; lastKnownFileType = sourcecode.c.h; name = mview_build.h; path = Sources/MViewCore/include/mview_build.h; sourceTree = SOURCE_ROOT; };
		36C290329C2BE3155B56E96F /* mview_capture.h */ = {isa = PBXFileReference; lastKnownFileType = sourcecode.c.h; name = mview_capture.h; path = Sources/MViewCore/include/mview_capture.h; sourceTree = SOURCE_ROOT; };
		C3F5EBCF1D6E555819A8F745 /* mview_capture_frame.h */ = {isa = PBXFileReference; lastKnownFileType = sourcecode.c.h; name = mview_capture_frame.h; path = Sources/MViewCore/include/mview_capture_frame.h; sourceTree = SOURCE_ROOT; };
		DF89CBFD5FE8E57468DD0BDE /* mview_config.h */ = {isa = PBXFileReference; lastKnownFileType = sourcecode.c.h; name = mview_config.h; path = Sources/MViewCore/include/mview_config.h; sourceTree = SOURCE_ROOT; };
		45B9833E3960081DCB8855B2 /* mview_ddc.h */ = {isa = PBXFileReference; lastKnownFileType = sourcecode.c.h; name = mview_ddc.h; path = Sources/MViewCore/include/mview_ddc.h; sourceTree = SOURCE_ROOT; };
		F1B6689ACE04DAFA2E8E44C5 /* mview_display.h */ = {isa = PBXFileReference; lastKnownFileType = sourcecode.c.h; name = mview_display.h; path = Sources/MViewCore/include/mview_display.h; sourceTree = SOURCE_ROOT; };
		F6ABD5BD8CDAAAC2093D660C /* mview_dl3.h */ = {isa = PBXFileReference; lastKnownFileType = sourcecode.c.h; name = mview_dl3.h; path = Sources/MViewCore/include/mview_dl3.h; sourceTree = SOURCE_ROOT; };
		528E9764D6CDCCFD71677B9E /* mview_encode.h */ = {isa = PBXFileReference; lastKnownFileType = sourcecode.c.h; name = mview_encode.h; path = Sources/MViewCore/include/mview_encode.h; sourceTree = SOURCE_ROOT; };
		A41C51AE82E9F9B293D68728 /* mview_platform.h */ = {isa = PBXFileReference; lastKnownFileType = sourcecode.c.h; name = mview_platform.h; path = Sources/MViewCore/include/mview_platform.h; sourceTree = SOURCE_ROOT; };
		BFEE0F7C67ABC3946CAE1F24 /* mview_profile.h */ = {isa = PBXFileReference; lastKnownFileType = sourcecode.c.h; name = mview_profile.h; path = Sources/MViewCore/include/mview_profile.h; sourceTree = SOURCE_ROOT; };
		7B15312A516A9567BACEE188 /* mview_usb.h */ = {isa = PBXFileReference; lastKnownFileType = sourcecode.c.h; name = mview_usb.h; path = Sources/MViewCore/include/mview_usb.h; sourceTree = SOURCE_ROOT; };
		2B86D95D18914F714F25C86A /* supervisor.h */ = {isa = PBXFileReference; lastKnownFileType = sourcecode.c.h; name = supervisor.h; path = Sources/mview/supervisor.h; sourceTree = SOURCE_ROOT; };
		D8BF94C905C13E87D9C1CC29 /* Debug.xcconfig */ = {isa = PBXFileReference; lastKnownFileType = text.xcconfig; name = Debug.xcconfig; path = Configs/Debug.xcconfig; sourceTree = SOURCE_ROOT; };
		10ED73FF5BEFD6D01C934A9E /* Release.xcconfig */ = {isa = PBXFileReference; lastKnownFileType = text.xcconfig; name = Release.xcconfig; path = Configs/Release.xcconfig; sourceTree = SOURCE_ROOT; };
		F46E2F9BE32669DA3B2CEE2A /* Profile.xcconfig */ = {isa = PBXFileReference; lastKnownFileType = text.xcconfig; name = Profile.xcconfig; path = Configs/Profile.xcconfig; sourceTree = SOURCE_ROOT; };
		DA000A0C9D3A5C047E7B9680 /* DebugMinimal.xcconfig */ = {isa = PBXFileReference; lastKnownFileType = text.xcconfig; name = DebugMinimal.xcconfig; path = Configs/DebugMinimal.xcconfig; sourceTree = SOURCE_ROOT; };
		7411758DD163170CAD601333 /* DebugVerbose.xcconfig */ = {isa = PBXFileReference; lastKnownFileType = text.xcconfig; name = DebugVerbose.xcconfig; path = Configs/DebugVerbose.xcconfig; sourceTree = SOURCE_ROOT; };
		0F8194E5C28F590489CFB569 /* DebugFallback.xcconfig */ = {isa = PBXFileReference; lastKnownFileType = text.xcconfig; name = DebugFallback.xcconfig; path = Configs/DebugFallback.xcconfig; sourceTree = SOURCE_ROOT; };
		C176A84F8601C687D4CC2395 /* Production.xcconfig */ = {isa = PBXFileReference; lastKnownFileType = text.xcconfig; name = Production.xcconfig; path = Configs/Production.xcconfig; sourceTree = SOURCE_ROOT; };
		D36E9A5D728CB8EA5F5189C8 /* ProductionFallback.xcconfig */ = {isa = PBXFileReference; lastKnownFileType = text.xcconfig; name = ProductionFallback.xcconfig; path = Configs/ProductionFallback.xcconfig; sourceTree = SOURCE_ROOT; };
		1DACDF0F5A98DA3C79EF2056 /* Library.xcconfig */ = {isa = PBXFileReference; lastKnownFileType = text.xcconfig; name = Library.xcconfig; path = Configs/Library.xcconfig; sourceTree = SOURCE_ROOT; };
		F16CA30B9E3FCF906EC7912D /* Base.xcconfig */ = {isa = PBXFileReference; lastKnownFileType = text.xcconfig; name = Base.xcconfig; path = Configs/Base.xcconfig; sourceTree = SOURCE_ROOT; };
		D6B62CF1F3C9BD64275EFF04 /* Foundation.framework */ = {isa = PBXFileReference; lastKnownFileType = wrapper.framework; name = Foundation.framework; path = System/Library/Frameworks/Foundation.framework; sourceTree = SDKROOT; };
		6B3DDE583D98730BFF9EDE70 /* CoreFoundation.framework */ = {isa = PBXFileReference; lastKnownFileType = wrapper.framework; name = CoreFoundation.framework; path = System/Library/Frameworks/CoreFoundation.framework; sourceTree = SDKROOT; };
		7DD7D61E1F7D6083A93B2601 /* CoreGraphics.framework */ = {isa = PBXFileReference; lastKnownFileType = wrapper.framework; name = CoreGraphics.framework; path = System/Library/Frameworks/CoreGraphics.framework; sourceTree = SDKROOT; };
		6A1053725482E6333E9867BF /* CoreMedia.framework */ = {isa = PBXFileReference; lastKnownFileType = wrapper.framework; name = CoreMedia.framework; path = System/Library/Frameworks/CoreMedia.framework; sourceTree = SDKROOT; };
		A3F3E1021F96963433BFA361 /* CoreVideo.framework */ = {isa = PBXFileReference; lastKnownFileType = wrapper.framework; name = CoreVideo.framework; path = System/Library/Frameworks/CoreVideo.framework; sourceTree = SDKROOT; };
		68DCEA15427C44547CD3DD3F /* IOKit.framework */ = {isa = PBXFileReference; lastKnownFileType = wrapper.framework; name = IOKit.framework; path = System/Library/Frameworks/IOKit.framework; sourceTree = SDKROOT; };
		133E45B6B4E8778A6A1357F7 /* IOUSBHost.framework */ = {isa = PBXFileReference; lastKnownFileType = wrapper.framework; name = IOUSBHost.framework; path = System/Library/Frameworks/IOUSBHost.framework; sourceTree = SDKROOT; };
		1611D29C69F038A379A6256B /* Security.framework */ = {isa = PBXFileReference; lastKnownFileType = wrapper.framework; name = Security.framework; path = System/Library/Frameworks/Security.framework; sourceTree = SDKROOT; };
		508FCEC1FFB54BE8DE65E6C0 /* ScreenCaptureKit.framework */ = {isa = PBXFileReference; lastKnownFileType = wrapper.framework; name = ScreenCaptureKit.framework; path = System/Library/Frameworks/ScreenCaptureKit.framework; sourceTree = SDKROOT; };
		A97F0B1BA1D23D3882C9D6D0 /* ImageIO.framework */ = {isa = PBXFileReference; lastKnownFileType = wrapper.framework; name = ImageIO.framework; path = System/Library/Frameworks/ImageIO.framework; sourceTree = SDKROOT; };
		C0CDFB53944F250CE0F1A8F2 /* UniformTypeIdentifiers.framework */ = {isa = PBXFileReference; lastKnownFileType = wrapper.framework; name = UniformTypeIdentifiers.framework; path = System/Library/Frameworks/UniformTypeIdentifiers.framework; sourceTree = SDKROOT; };
/* End PBXFileReference section */

/* Begin PBXFrameworksBuildPhase section */
		FA64B9F64277E476E59F48E3 = {
			isa = PBXFrameworksBuildPhase;
			buildActionMask = 2147483647;
			files = (
				5AE8901AA6AA3A6BBF12DC27 /* Foundation */,
				6037D0821D86997B8085D948 /* CoreFoundation */,
				4C60D032013CBFFBFBF8C478 /* CoreGraphics */,
				D8188335D9AFA7AEE985E3CC /* CoreMedia */,
				742CC5281A61E04CB93DE7CF /* CoreVideo */,
				91CC3A52D63D5D5F2F9096B6 /* IOKit */,
				A75F29F68BA2BF022563CE1B /* IOUSBHost */,
				FC47A3082A4211EE52B3DD4C /* Security */,
				326D93B6F02A12602318CEB5 /* ScreenCaptureKit */,
				CC1E4EB602596D7C7704EFEA /* ImageIO */,
				9F5467E3AE5713676C409D46 /* UniformTypeIdentifiers */,
			);
			runOnlyForDeploymentPostprocessing = 0;
		};
		CF1A7B8B266BA0BA08E57437 = {
			isa = PBXFrameworksBuildPhase;
			buildActionMask = 2147483647;
			files = (
				D33766997B6FA01C3BD8EDA5 /* Foundation */,
				6F5D171FB389B46F1795F123 /* CoreFoundation */,
				535B06DCBFA96F0D1BDF1271 /* CoreGraphics */,
				A792861F3F10241A3DC97755 /* CoreMedia */,
				45582B4072666FC3EC9ACBFB /* CoreVideo */,
				817C79AB29E03C44EAE67751 /* IOKit */,
				2CAE83E83649E61F1D548730 /* IOUSBHost */,
				D51010A63C786ABD8766C891 /* Security */,
				0E0F0C12A1751C67CB1E4C4B /* ScreenCaptureKit */,
				B0C5A2180952EC18ADD92C71 /* ImageIO */,
				221B3ABFA9F186F8E879055F /* UniformTypeIdentifiers */,
			);
			runOnlyForDeploymentPostprocessing = 0;
		};
/* End PBXFrameworksBuildPhase section */

/* Begin PBXGroup section */
		4B6448C060074591296EC9A4 /* MView */ = {
			isa = PBXGroup;
			children = (
				0639E17437374C72B1E59A24 /* Sources */,
				9EE404D2FC0E41C9BB7610E4 /* Configs */,
				E3E402DE833C3C09618243B7 /* Frameworks */,
				E4493279C5E0CE01D5EA3D44 /* Products */,
			);
			name = MView;
			sourceTree = "<group>";
		};
		0639E17437374C72B1E59A24 /* Sources */ = {
			isa = PBXGroup;
			children = (
				D7CE5C19DCF8D5BB9FF5E253 /* MViewCore */,
				99EA8B291672A60CE35E6A46 /* mview */,
			);
			name = Sources;
			sourceTree = "<group>";
		};
		D7CE5C19DCF8D5BB9FF5E253 /* MViewCore */ = {
			isa = PBXGroup;
			children = (
				E7F946B3826CDD418864299C /* include */,
				0EEB566E0BCDC6A7067DF4BD /* Capture.swift */,
				DE1672BC58629EB9C49013C0 /* ConfigStore.swift */,
				28A8EB7B7AA353DF636743BA /* VirtualDisplay.swift */,
				458C2E28700DA1184E0BDAC2 /* bench.c */,
				ED0EEB4EBCACE0D053E738AD /* capture_frame.c */,
				D84D26C78DEF97C8F1123C16 /* config.c */,
				3B32423357F906EBA67305CD /* crypto.c */,
				6E923A000FA6991C4973A5DF /* ddc_native.c */,
				BBCD0F1FE7BBD144E1376A42 /* display.c */,
				A0E0F016740BCCB3D349E1E8 /* dl3.c */,
				F57E32910C395FEEBF5C17D9 /* driver.c */,
				DE4B0A2652A590797A2DA7F8 /* encode.c */,
				96E4E0F8AC502FFB55F7CEAD /* log.c */,
				029C381021032EA9E5AD0D79 /* profile.c */,
				3B6B6273958EF4109954EB42 /* usb_probe.c */,
				9C753C6EA135B5B29A5D07CA /* usb_session.c */,
				2E77A962705E2AD2553840D9 /* wht.c */,
			);
			name = MViewCore;
			sourceTree = "<group>";
		};
		E7F946B3826CDD418864299C /* include */ = {
			isa = PBXGroup;
			children = (
				E071DBEB505E0AF122CC3268 /* mview.h */,
				C0C4080B8EC281039FC56D91 /* mview_build.h */,
				36C290329C2BE3155B56E96F /* mview_capture.h */,
				C3F5EBCF1D6E555819A8F745 /* mview_capture_frame.h */,
				DF89CBFD5FE8E57468DD0BDE /* mview_config.h */,
				45B9833E3960081DCB8855B2 /* mview_ddc.h */,
				F1B6689ACE04DAFA2E8E44C5 /* mview_display.h */,
				F6ABD5BD8CDAAAC2093D660C /* mview_dl3.h */,
				528E9764D6CDCCFD71677B9E /* mview_encode.h */,
				A41C51AE82E9F9B293D68728 /* mview_platform.h */,
				BFEE0F7C67ABC3946CAE1F24 /* mview_profile.h */,
				7B15312A516A9567BACEE188 /* mview_usb.h */,
				2B86D95D18914F714F25C86A /* supervisor.h */,
			);
			name = include;
			sourceTree = "<group>";
		};
		99EA8B291672A60CE35E6A46 /* mview */ = {
			isa = PBXGroup;
			children = (
				C593A3109A47D53AB431DAFD /* main.c */,
				B360A9AEDDC0C8C5BDF0CEB2 /* supervisor.c */,
			);
			name = mview;
			sourceTree = "<group>";
		};
		9EE404D2FC0E41C9BB7610E4 /* Configs */ = {
			isa = PBXGroup;
			children = (
				D8BF94C905C13E87D9C1CC29 /* Debug.xcconfig */,
				10ED73FF5BEFD6D01C934A9E /* Release.xcconfig */,
				F46E2F9BE32669DA3B2CEE2A /* Profile.xcconfig */,
				DA000A0C9D3A5C047E7B9680 /* DebugMinimal.xcconfig */,
				7411758DD163170CAD601333 /* DebugVerbose.xcconfig */,
				0F8194E5C28F590489CFB569 /* DebugFallback.xcconfig */,
				C176A84F8601C687D4CC2395 /* Production.xcconfig */,
				D36E9A5D728CB8EA5F5189C8 /* ProductionFallback.xcconfig */,
				1DACDF0F5A98DA3C79EF2056 /* Library.xcconfig */,
				F16CA30B9E3FCF906EC7912D /* Base.xcconfig */,
			);
			name = Configs;
			sourceTree = "<group>";
		};
		E3E402DE833C3C09618243B7 /* Frameworks */ = {
			isa = PBXGroup;
			children = (
				D6B62CF1F3C9BD64275EFF04 /* Foundation.framework */,
				6B3DDE583D98730BFF9EDE70 /* CoreFoundation.framework */,
				7DD7D61E1F7D6083A93B2601 /* CoreGraphics.framework */,
				6A1053725482E6333E9867BF /* CoreMedia.framework */,
				A3F3E1021F96963433BFA361 /* CoreVideo.framework */,
				68DCEA15427C44547CD3DD3F /* IOKit.framework */,
				133E45B6B4E8778A6A1357F7 /* IOUSBHost.framework */,
				1611D29C69F038A379A6256B /* Security.framework */,
				508FCEC1FFB54BE8DE65E6C0 /* ScreenCaptureKit.framework */,
				A97F0B1BA1D23D3882C9D6D0 /* ImageIO.framework */,
				C0CDFB53944F250CE0F1A8F2 /* UniformTypeIdentifiers.framework */,
			);
			name = Frameworks;
			sourceTree = "<group>";
		};
		E4493279C5E0CE01D5EA3D44 /* Products */ = {
			isa = PBXGroup;
			children = (
				BCF309CF9D53FB8D20814AA3 /* libMViewCore.dylib */,
				3C4452570B480484808BAD46 /* mview */,
			);
			name = Products;
			sourceTree = "<group>";
		};
/* End PBXGroup section */

/* Begin PBXNativeTarget section */
		B5BF6D49E17C12D37B9448C5 /* MViewCoreDylib */ = {
			isa = PBXNativeTarget;
			buildConfigurationList = 4018845C4451304CF905F652;
			buildPhases = (
				7300DB378A01FBB0E6C65EFB,
				FA64B9F64277E476E59F48E3,
			);
			buildRules = (
			);
			dependencies = (
			);
			name = MViewCoreDylib;
			productName = MViewCoreDylib;
			productReference = BCF309CF9D53FB8D20814AA3 /* libMViewCore.dylib */;
			productType = "com.apple.product-type.library.dynamic";
		};
		B16C71EF8DF475573B4A4697 /* mview */ = {
			isa = PBXNativeTarget;
			buildConfigurationList = 72672D2152BB258420F06E2C;
			buildPhases = (
				FC0D172B3817C7453FC5884F,
				CF1A7B8B266BA0BA08E57437,
			);
			buildRules = (
			);
			dependencies = (
			);
			name = mview;
			productName = mview;
			productReference = 3C4452570B480484808BAD46 /* mview */;
			productType = "com.apple.product-type.tool";
		};
/* End PBXNativeTarget section */

/* Begin PBXProject section */
		244210E48437B6556980A702 /* Project object */ = {
			isa = PBXProject;
			attributes = {
				LastUpgradeCheck = 2600;
			};
			buildConfigurationList = A15C1660503C9D18B9702A73;
			compatibilityVersion = "Xcode 14.0";
			developmentRegion = en;
			hasScannedForEncodings = 0;
			knownRegions = (
				en,
			);
			mainGroup = 4B6448C060074591296EC9A4;
			productRefGroup = E4493279C5E0CE01D5EA3D44 /* Products */;
			projectDirPath = "";
			projectRoot = "";
			targets = (
				B5BF6D49E17C12D37B9448C5 /* MViewCoreDylib */,
				B16C71EF8DF475573B4A4697 /* mview */,
			);
		};
/* End PBXProject section */

/* Begin PBXSourcesBuildPhase section */
		7300DB378A01FBB0E6C65EFB = {
			isa = PBXSourcesBuildPhase;
			buildActionMask = 2147483647;
			files = (
				C8753E0C9F1A2FF8EDB0FF23 /* Capture.swift */,
				5C86C425255EC91EB9D7002E /* ConfigStore.swift */,
				19E73CF7DE2E52BE6238667C /* VirtualDisplay.swift */,
				DBC90D78ED41ACB774EDF937 /* bench.c */,
				A7B92828B6883E5CA8099F9D /* capture_frame.c */,
				33AA31696B944553D96EFF56 /* config.c */,
				53E1588DA936C2D6BB907D33 /* crypto.c */,
				1C9A12C7301E9F290CE57B87 /* ddc_native.c */,
				714907C7FB6A049D206986C2 /* display.c */,
				827DE2F8904142A725CD8FB6 /* dl3.c */,
				1A487C54177242B144E4494C /* driver.c */,
				CB482D3D4AD52C0E1DE77651 /* encode.c */,
				D3175B39F84F2ADC237EAD92 /* log.c */,
				81B75406AB212B8721115F07 /* profile.c */,
				274A8B0B4637485CC12258B2 /* usb_probe.c */,
				9ABA1A468B3B453790BEE241 /* usb_session.c */,
				33789D3145C234D60202CF3B /* wht.c */,
			);
			runOnlyForDeploymentPostprocessing = 0;
		};
		FC0D172B3817C7453FC5884F = {
			isa = PBXSourcesBuildPhase;
			buildActionMask = 2147483647;
			files = (
				570D25AA81F84728900ADC7D /* main.c */,
				2111A7C8A898913346121725 /* supervisor.c */,
				0EFA41F6CE8547369F4FF4DB /* Capture.swift */,
				CCFFC0C9D4C73005DC0A605D /* ConfigStore.swift */,
				668BFBA12B6E078461D8B191 /* VirtualDisplay.swift */,
				E133B8E74998F1AD58F333A4 /* bench.c */,
				2BB73C2CBD84732FB649CB28 /* capture_frame.c */,
				1C7D3997C2EE165E7892BFCD /* config.c */,
				455472EDAF6D4385666FF7D6 /* crypto.c */,
				A8CDAF0EBAE58FC3F4638E8D /* ddc_native.c */,
				D737AB3825FC40DF529076B6 /* display.c */,
				709A153A58526DA0FB0B65D5 /* dl3.c */,
				0E6202747197388CE8D775DF /* driver.c */,
				87629B656275888DD1C1CFF8 /* encode.c */,
				E53630A06C29FF0EB6A8536B /* log.c */,
				C2D6C121425F91FC76383A5B /* profile.c */,
				25ADD496611C3F6FB3EAF884 /* usb_probe.c */,
				1DFD34A6C4641375393EADFB /* usb_session.c */,
				4F67B039C0365685A9BA2889 /* wht.c */,
			);
			runOnlyForDeploymentPostprocessing = 0;
		};
/* End PBXSourcesBuildPhase section */

/* Begin XCBuildConfiguration section */
		1718AAF4E5CB68E01B8646DA /* Debug */ = {
			isa = XCBuildConfiguration;
			baseConfigurationReference = D8BF94C905C13E87D9C1CC29 /* Debug.xcconfig */;
			buildSettings = {
			};
			name = Debug;
		};
		33463152ED1CFFD4190C6F38 /* Release */ = {
			isa = XCBuildConfiguration;
			baseConfigurationReference = 10ED73FF5BEFD6D01C934A9E /* Release.xcconfig */;
			buildSettings = {
			};
			name = Release;
		};
		552FA9E70A1FF9AAAB581ED4 /* Profile */ = {
			isa = XCBuildConfiguration;
			baseConfigurationReference = F46E2F9BE32669DA3B2CEE2A /* Profile.xcconfig */;
			buildSettings = {
			};
			name = Profile;
		};
		9679DCCB99A80FB0841FC5DB /* DebugMinimal */ = {
			isa = XCBuildConfiguration;
			baseConfigurationReference = DA000A0C9D3A5C047E7B9680 /* DebugMinimal.xcconfig */;
			buildSettings = {
			};
			name = DebugMinimal;
		};
		EC8E67187E8E76BB3E6C5486 /* DebugVerbose */ = {
			isa = XCBuildConfiguration;
			baseConfigurationReference = 7411758DD163170CAD601333 /* DebugVerbose.xcconfig */;
			buildSettings = {
			};
			name = DebugVerbose;
		};
		C558333FAEB4BEEBC7B057B3 /* DebugFallback */ = {
			isa = XCBuildConfiguration;
			baseConfigurationReference = 0F8194E5C28F590489CFB569 /* DebugFallback.xcconfig */;
			buildSettings = {
			};
			name = DebugFallback;
		};
		652BB29C6508A02F4C10B1D8 /* Production */ = {
			isa = XCBuildConfiguration;
			baseConfigurationReference = C176A84F8601C687D4CC2395 /* Production.xcconfig */;
			buildSettings = {
			};
			name = Production;
		};
		86CC2EBA39373AAF0C49092A /* ProductionFallback */ = {
			isa = XCBuildConfiguration;
			baseConfigurationReference = D36E9A5D728CB8EA5F5189C8 /* ProductionFallback.xcconfig */;
			buildSettings = {
			};
			name = ProductionFallback;
		};
		9118CB3CF29C78228ADC6D87 /* Debug */ = {
			isa = XCBuildConfiguration;
			baseConfigurationReference = 1DACDF0F5A98DA3C79EF2056 /* Library.xcconfig */;
			buildSettings = {
				PRODUCT_NAME = MViewCore;
			};
			name = Debug;
		};
		6098089886A3F5EF51D72E6C /* Release */ = {
			isa = XCBuildConfiguration;
			baseConfigurationReference = 1DACDF0F5A98DA3C79EF2056 /* Library.xcconfig */;
			buildSettings = {
				PRODUCT_NAME = MViewCore;
			};
			name = Release;
		};
		7BB672F67E9D87593EAB33D4 /* Profile */ = {
			isa = XCBuildConfiguration;
			baseConfigurationReference = 1DACDF0F5A98DA3C79EF2056 /* Library.xcconfig */;
			buildSettings = {
				PRODUCT_NAME = MViewCore;
			};
			name = Profile;
		};
		E317483DBE11633891D1A6DE /* DebugMinimal */ = {
			isa = XCBuildConfiguration;
			baseConfigurationReference = 1DACDF0F5A98DA3C79EF2056 /* Library.xcconfig */;
			buildSettings = {
				PRODUCT_NAME = MViewCore;
			};
			name = DebugMinimal;
		};
		8D75EFC2BC2A39BE1EFF51FD /* DebugVerbose */ = {
			isa = XCBuildConfiguration;
			baseConfigurationReference = 1DACDF0F5A98DA3C79EF2056 /* Library.xcconfig */;
			buildSettings = {
				PRODUCT_NAME = MViewCore;
			};
			name = DebugVerbose;
		};
		1ECD60D28BB8D834C5678CE5 /* DebugFallback */ = {
			isa = XCBuildConfiguration;
			baseConfigurationReference = 1DACDF0F5A98DA3C79EF2056 /* Library.xcconfig */;
			buildSettings = {
				PRODUCT_NAME = MViewCore;
			};
			name = DebugFallback;
		};
		64507C63C49CF11D24DE228A /* Production */ = {
			isa = XCBuildConfiguration;
			baseConfigurationReference = 1DACDF0F5A98DA3C79EF2056 /* Library.xcconfig */;
			buildSettings = {
				PRODUCT_NAME = MViewCore;
			};
			name = Production;
		};
		221B3A93258BEBEE493B1A1D /* ProductionFallback */ = {
			isa = XCBuildConfiguration;
			baseConfigurationReference = 1DACDF0F5A98DA3C79EF2056 /* Library.xcconfig */;
			buildSettings = {
				PRODUCT_NAME = MViewCore;
			};
			name = ProductionFallback;
		};
		F3508A0F8CB07BA5CA4C9263 /* Debug */ = {
			isa = XCBuildConfiguration;
			baseConfigurationReference = D8BF94C905C13E87D9C1CC29 /* Debug.xcconfig */;
			buildSettings = {
			};
			name = Debug;
		};
		130CA2924907E2571FCFD0D1 /* Release */ = {
			isa = XCBuildConfiguration;
			baseConfigurationReference = 10ED73FF5BEFD6D01C934A9E /* Release.xcconfig */;
			buildSettings = {
			};
			name = Release;
		};
		84AC15E8790F39BC7B663935 /* Profile */ = {
			isa = XCBuildConfiguration;
			baseConfigurationReference = F46E2F9BE32669DA3B2CEE2A /* Profile.xcconfig */;
			buildSettings = {
			};
			name = Profile;
		};
		9DC56BDF2D5B2D25967BB6D7 /* DebugMinimal */ = {
			isa = XCBuildConfiguration;
			baseConfigurationReference = DA000A0C9D3A5C047E7B9680 /* DebugMinimal.xcconfig */;
			buildSettings = {
			};
			name = DebugMinimal;
		};
		ABFAF84DBA002D66D477647C /* DebugVerbose */ = {
			isa = XCBuildConfiguration;
			baseConfigurationReference = 7411758DD163170CAD601333 /* DebugVerbose.xcconfig */;
			buildSettings = {
			};
			name = DebugVerbose;
		};
		3050A1EF3F60F1C599E7839A /* DebugFallback */ = {
			isa = XCBuildConfiguration;
			baseConfigurationReference = 0F8194E5C28F590489CFB569 /* DebugFallback.xcconfig */;
			buildSettings = {
			};
			name = DebugFallback;
		};
		879E54DE4261207465173464 /* Production */ = {
			isa = XCBuildConfiguration;
			baseConfigurationReference = C176A84F8601C687D4CC2395 /* Production.xcconfig */;
			buildSettings = {
			};
			name = Production;
		};
		037A6988162D88944F68C8F6 /* ProductionFallback */ = {
			isa = XCBuildConfiguration;
			baseConfigurationReference = D36E9A5D728CB8EA5F5189C8 /* ProductionFallback.xcconfig */;
			buildSettings = {
			};
			name = ProductionFallback;
		};
/* End XCBuildConfiguration section */

/* Begin XCConfigurationList section */
		A15C1660503C9D18B9702A73 = {
			isa = XCConfigurationList;
			buildConfigurations = (
				1718AAF4E5CB68E01B8646DA /* Debug */,
				33463152ED1CFFD4190C6F38 /* Release */,
				552FA9E70A1FF9AAAB581ED4 /* Profile */,
				9679DCCB99A80FB0841FC5DB /* DebugMinimal */,
				EC8E67187E8E76BB3E6C5486 /* DebugVerbose */,
				C558333FAEB4BEEBC7B057B3 /* DebugFallback */,
				652BB29C6508A02F4C10B1D8 /* Production */,
				86CC2EBA39373AAF0C49092A /* ProductionFallback */,
			);
			defaultConfigurationIsVisible = 0;
			defaultConfigurationName = Release;
		};
		4018845C4451304CF905F652 = {
			isa = XCConfigurationList;
			buildConfigurations = (
				9118CB3CF29C78228ADC6D87 /* Debug */,
				6098089886A3F5EF51D72E6C /* Release */,
				7BB672F67E9D87593EAB33D4 /* Profile */,
				E317483DBE11633891D1A6DE /* DebugMinimal */,
				8D75EFC2BC2A39BE1EFF51FD /* DebugVerbose */,
				1ECD60D28BB8D834C5678CE5 /* DebugFallback */,
				64507C63C49CF11D24DE228A /* Production */,
				221B3A93258BEBEE493B1A1D /* ProductionFallback */,
			);
			defaultConfigurationIsVisible = 0;
			defaultConfigurationName = Release;
		};
		72672D2152BB258420F06E2C = {
			isa = XCConfigurationList;
			buildConfigurations = (
				F3508A0F8CB07BA5CA4C9263 /* Debug */,
				130CA2924907E2571FCFD0D1 /* Release */,
				84AC15E8790F39BC7B663935 /* Profile */,
				9DC56BDF2D5B2D25967BB6D7 /* DebugMinimal */,
				ABFAF84DBA002D66D477647C /* DebugVerbose */,
				3050A1EF3F60F1C599E7839A /* DebugFallback */,
				879E54DE4261207465173464 /* Production */,
				037A6988162D88944F68C8F6 /* ProductionFallback */,
			);
			defaultConfigurationIsVisible = 0;
			defaultConfigurationName = Release;
		};
/* End XCConfigurationList section */

	};
	rootObject = 244210E48437B6556980A702 /* Project object */;
}
